// !$*UTF8*$!
{
	archiveVersion = 1;
	classes = {
	};
	objectVersion = 48;
	objects = {

/* Begin PBXBuildFile section */
		41D7AA601FB90DA6006A7246 /* AppDelegate.swift in Sources */ = {isa = PBXBuildFile; fileRef = 41D7AA5F1FB90DA6006A7246 /* AppDelegate.swift */; };
		41D7AA621FB90DA6006A7246 /* ViewController.swift in Sources */ = {isa = PBXBuildFile; fileRef = 41D7AA611FB90DA6006A7246 /* ViewController.swift */; };
		41D7AA651FB90DA6006A7246 /* Main.storyboard in Resources */ = {isa = PBXBuildFile; fileRef = 41D7AA631FB90DA6006A7246 /* Main.storyboard */; };
		41D7AA671FB90DA6006A7246 /* Assets.xcassets in Resources */ = {isa = PBXBuildFile; fileRef = 41D7AA661FB90DA6006A7246 /* Assets.xcassets */; };
		41D7AA6A1FB90DA6006A7246 /* LaunchScreen.storyboard in Resources */ = {isa = PBXBuildFile; fileRef = 41D7AA681FB90DA6006A7246 /* LaunchScreen.storyboard */; };
		41D7AA731FB91006006A7246 /* Speech.framework in Frameworks */ = {isa = PBXBuildFile; fileRef = 41D7AA721FB90FDF006A7246 /* Speech.framework */; };
		41D7AA751FB91108006A7246 /* audio.mp3 in Resources */ = {isa = PBXBuildFile; fileRef = 41D7AA741FB91108006A7246 /* audio.mp3 */; };
/* End PBXBuildFile section */

/* Begin PBXFileReference section */
		41D7AA5C1FB90DA6006A7246 /* voiceRecognition.app */ = {isa = PBXFileReference; explicitFileType = wrapper.application; includeInIndex = 0; path = voiceRecognition.app; sourceTree = BUILT_PRODUCTS_DIR; };
		41D7AA5F1FB90DA6006A7246 /* AppDelegate.swift */ = {isa = PBXFileReference; lastKnownFileType = sourcecode.swift; path = AppDelegate.swift; sourceTree = "<group>"; };
		41D7AA611FB90DA6006A7246 /* ViewController.swift */ = {isa = PBXFileReference; lastKnownFileType = sourcecode.swift; path = ViewController.swift; sourceTree = "<group>"; };
		41D7AA641FB90DA6006A7246 /* Base */ = {isa = PBXFileReference; lastKnownFileType = file.storyboard; name = Base; path = Base.lproj/Main.storyboard; sourceTree = "<group>"; };
		41D7AA661FB90DA6006A7246 /* Assets.xcassets */ = {isa = PBXFileReference; lastKnownFileType = folder.assetcatalog; path = Assets.xcassets; sourceTree = "<group>"; };
		41D7AA691FB90DA6006A7246 /* Base */ = {isa = PBXFileReference; lastKnownFileType = file.storyboard; name = Base; path = Base.lproj/LaunchScreen.storyboard; sourceTree = "<group>"; };
		41D7AA6B1FB90DA6006A7246 /* Info.plist */ = {isa = PBXFileReference; lastKnownFileType = text.plist.xml; path = Info.plist; sourceTree = "<group>"; };
		41D7AA721FB90FDF006A7246 /* Speech.framework */ = {isa = PBXFileReference; lastKnownFileType = wrapper.framework; name = Speech.framework; path = System/Library/Frameworks/Speech.framework; sourceTree = SDKROOT; };
		41D7AA741FB91108006A7246 /* audio.mp3 */ = {isa = PBXFileReference; lastKnownFileType = audio.mp3; path = audio.mp3; sourceTree = "<group>"; };
/* End PBXFileReference section */

/* Begin PBXFrameworksBuildPhase section */
		41D7AA591FB90DA6006A7246 /* Frameworks */ = {
			isa = PBXFrameworksBuildPhase;
			buildActionMask = 2147483647;
			files = (
				41D7AA731FB91006006A7246 /* Speech.framework in Frameworks */,
			);
			runOnlyForDeploymentPostprocessing = 0;
		};
/* End PBXFrameworksBuildPhase section */

/* Begin PBXGroup section */
		41D7AA531FB90DA6006A7246 = {
			isa = PBXGroup;
			children = (
				41D7AA5E1FB90DA6006A7246 /* voiceRecognition */,
				41D7AA5D1FB90DA6006A7246 /* Products */,
				41D7AA711FB90FDE006A7246 /* Frameworks */,
			);
			sourceTree = "<group>";
		};
		41D7AA5D1FB90DA6006A7246 /* Products */ = {
			isa = PBXGroup;
			children = (
				41D7AA5C1FB90DA6006A7246 /* voiceRecognition.app */,
			);
			name = Products;
			sourceTree = "<group>";
		};
		41D7AA5E1FB90DA6006A7246 /* voiceRecognition */ = {
			isa = PBXGroup;
			children = (
				41D7AA5F1FB90DA6006A7246 /* AppDelegate.swift */,
				41D7AA611FB90DA6006A7246 /* ViewController.swift */,
				41D7AA631FB90DA6006A7246 /* Main.storyboard */,
				41D7AA661FB90DA6006A7246 /* Assets.xcassets */,
				41D7AA681FB90DA6006A7246 /* LaunchScreen.storyboard */,
				41D7AA6B1FB90DA6006A7246 /* Info.plist */,
				41D7AA741FB91108006A7246 /* audio.mp3 */,
			);
			path = voiceRecognition;
			sourceTree = "<group>";
		};
		41D7AA711FB90FDE006A7246 /* Frameworks */ = {
			isa = PBXGroup;
			children = (
				41D7AA721FB90FDF006A7246 /* Speech.framework */,
			);
			name = Frameworks;
			sourceTree = "<group>";
		};
/* End PBXGroup section */

/* Begin PBXNativeTarget section */
		41D7AA5B1FB90DA6006A7246 /* voiceRecognition */ = {
			isa = PBXNativeTarget;
			buildConfigurationList = 41D7AA6E1FB90DA6006A7246 /* Build configuration list for PBXNativeTarget "voiceRecognition" */;
			buildPhases = (
				41D7AA581FB90DA6006A7246 /* Sources */,
				41D7AA591FB90DA6006A7246 /* Frameworks */,
				41D7AA5A1FB90DA6006A7246 /* Resources */,
			);
			buildRules = (
			);
			dependencies = (
			);
			name = voiceRecognition;
			productName = voiceRecognition;
			productReference = 41D7AA5C1FB90DA6006A7246 /* voiceRecognition.app */;
			productType = "com.apple.product-type.application";
		};
/* End PBXNativeTarget section */

/* Begin PBXProject section */
		41D7AA541FB90DA6006A7246 /* Project object */ = {
			isa = PBXProject;
			attributes = {
				LastSwiftUpdateCheck = 0910;
				LastUpgradeCheck = 0910;
				ORGANIZATIONNAME = Andres;
				TargetAttributes = {
					41D7AA5B1FB90DA6006A7246 = {
						CreatedOnToolsVersion = 9.1;
						ProvisioningStyle = Automatic;
					};
				};
			};
			buildConfigurationList = 41D7AA571FB90DA6006A7246 /* Build configuration list for PBXProject "voiceRecognition" */;
			compatibilityVersion = "Xcode 8.0";
			developmentRegion = en;
			hasScannedForEncodings = 0;
			knownRegions = (
				en,
				Base,
			);
			mainGroup = 41D7AA531FB90DA6006A7246;
			productRefGroup = 41D7AA5D1FB90DA6006A7246 /* Products */;
			projectDirPath = "";
			projectRoot = "";
			targets = (
				41D7AA5B1FB90DA6006A7246 /* voiceRecognition */,
			);
		};
/* End PBXProject section */

/* Begin PBXResourcesBuildPhase section */
		41D7AA5A1FB90DA6006A7246 /* Resources */ = {
			isa = PBXResourcesBuildPhase;
			buildActionMask = 2147483647;
			files = (
				41D7AA6A1FB90DA6006A7246 /* LaunchScreen.storyboard in Resources */,
				41D7AA751FB91108006A7246 /* audio.mp3 in Resources */,
				41D7AA671FB90DA6006A7246 /* Assets.xcassets in Resources */,
				41D7AA651FB90DA6006A7246 /* Main.storyboard in Resources */,
			);
			runOnlyForDeploymentPostprocessing = 0;
		};
/* End PBXResourcesBuildPhase section */

/* Begin PBXSourcesBuildPhase section */
		41D7AA581FB90DA6006A7246 /* Sources */ = {
			isa = PBXSourcesBuildPhase;
			buildActionMask = 2147483647;
			files = (
				41D7AA621FB90DA6006A7246 /* ViewController.swift in Sources */,
				41D7AA601FB90DA6006A7246 /* AppDelegate.swift in Sources */,
			);
			runOnlyForDeploymentPostprocessing = 0;
		};
/* End PBXSourcesBuildPhase section */

/* Begin PBXVariantGroup section */
		41D7AA631FB90DA6006A7246 /* Main.storyboard */ = {
			isa = PBXVariantGroup;
			children = (
				41D7AA641FB90DA6006A7246 /* Base */,
			);
			name = Main.storyboard;
			sourceTree = "<group>";
		};
		41D7AA681FB90DA6006A7246 /* LaunchScreen.storyboard */ = {
			isa = PBXVariantGroup;
			children = (
				41D7AA691FB90DA6006A7246 /* Base */,
			);
			name = LaunchScreen.storyboard;
			sourceTree = "<group>";
		};
/* End PBXVariantGroup section */

/* Begin XCBuildConfiguration section */
		41D7AA6C1FB90DA6006A7246 /* Debug */ = {
			isa = XCBuildConfiguration;
			buildSettings = {
				ALWAYS_SEARCH_USER_PATHS = NO;
				CLANG_ANALYZER_NONNULL = YES;
				CLANG_ANALYZER_NUMBER_OBJECT_CONVERSION = YES_AGGRESSIVE;
				CLANG_CXX_LANGUAGE_STANDARD = "gnu++14";
				CLANG_CXX_LIBRARY = "libc++";
				CLANG_ENABLE_MODULES = YES;
				CLANG_ENABLE_OBJC_ARC = YES;
				CLANG_WARN_BLOCK_CAPTURE_AUTORELEASING = YES;
				CLANG_WARN_BOOL_CONVERSION = YES;
				CLANG_WARN_COMMA = YES;
				CLANG_WARN_CONSTANT_CONVERSION = YES;
				CLANG_WARN_DIRECT_OBJC_ISA_USAGE = YES_ERROR;
				CLANG_WARN_DOCUMENTATION_COMMENTS = YES;
				CLANG_WARN_EMPTY_BODY = YES;
				CLANG_WARN_ENUM_CONVERSION = YES;
				CLANG_WARN_INFINITE_RECURSION = YES;
				CLANG_WARN_INT_CONVERSION = YES;
				CLANG_WARN_NON_LITERAL_NULL_CONVERSION = YES;
				CLANG_WARN_OBJC_LITERAL_CONVERSION = YES;
				CLANG_WARN_OBJC_ROOT_CLASS = YES_ERROR;
				CLANG_WARN_RANGE_LOOP_ANALYSIS = YES;
				CLANG_WARN_STRICT_PROTOTYPES = YES;
				CLANG_WARN_SUSPICIOUS_MOVE = YES;
				CLANG_WARN_UNGUARDED_AVAILABILITY = YES_AGGRESSIVE;
				CLANG_WARN_UNREACHABLE_CODE = YES;
				CLANG_WARN__DUPLICATE_METHOD_MATCH = YES;
				CODE_SIGN_IDENTITY = "iPhone Developer";
				COPY_PHASE_STRIP = NO;
				DEBUG_INFORMATION_FORMAT = dwarf;
				ENABLE_STRICT_OBJC_MSGSEND = YES;
				ENABLE_TESTABILITY = YES;
				GCC_C_LANGUAGE_STANDARD = gnu11;
				GCC_DYNAMIC_NO_PIC = NO;
				GCC_NO_COMMON_BLOCKS = YES;
				GCC_OPTIMIZATION_LEVEL = 0;
				GCC_PREPROCESSOR_DEFINITIONS = (
					"DEBUG=1",
					"$(inherited)",
				);
				GCC_WARN_64_TO_32_BIT_CONVERSION = YES;
				GCC_WARN_ABOUT_RETURN_TYPE = YES_ERROR;
				GCC_WARN_UNDECLARED_SELECTOR = YES;
				GCC_WARN_UNINITIALIZED_AUTOS = YES_AGGRESSIVE;
				GCC_WARN_UNUSED_FUNCTION = YES;
				GCC_WARN_UNUSED_VARIABLE = YES;
				IPHONEOS_DEPLOYMENT_TARGET = 11.1;
				MTL_ENABLE_DEBUG_INFO = YES;
				ONLY_ACTIVE_ARCH = YES;
				SDKROOT = iphoneos;
				SWIFT_ACTIVE_COMPILATION_CONDITIONS = DEBUG;
				SWIFT_OPTIMIZATION_LEVEL = "-Onone";
			};
			name = Debug;
		};
		41D7AA6D1FB90DA6006A7246 /* Release */ = {
			isa = XCBuildConfiguration;
			buildSettings = {
				ALWAYS_SEARCH_USER_PATHS = NO;
				CLANG_ANALYZER_NONNULL = YES;
				CLANG_ANALYZER_NUMBER_OBJECT_CONVERSION = YES_AGGRESSIVE;
				CLANG_CXX_LANGUAGE_STANDARD = "gnu++14";
				CLANG_CXX_LIBRARY = "libc++";
				CLANG_ENABLE_MODULES = YES;
				CLANG_ENABLE_OBJC_ARC = YES;
				CLANG_WARN_BLOCK_CAPTURE_AUTORELEASING = YES;
				CLANG_WARN_BOOL_CONVERSION = YES;
				CLANG_WARN_COMMA = YES;
				CLANG_WARN_CONSTANT_CONVERSION = YES;
				CLANG_WARN_DIRECT_OBJC_ISA_USAGE = YES_ERROR;
				CLANG_WARN_DOCUMENTATION_COMMENTS = YES;
				CLANG_WARN_EMPTY_BODY = YES;
				CLANG_WARN_ENUM_CONVERSION = YES;
				CLANG_WARN_INFINITE_RECURSION = YES;
				CLANG_WARN_INT_CONVERSION = YES;
				CLANG_WARN_NON_LITERAL_NULL_CONVERSION = YES;
				CLANG_WARN_OBJC_LITERAL_CONVERSION = YES;
				CLANG_WARN_OBJC_ROOT_CLASS = YES_ERROR;
				CLANG_WARN_RANGE_LOOP_ANALYSIS = YES;
				CLANG_WARN_STRICT_PROTOTYPES = YES;
				CLANG_WARN_SUSPICIOUS_MOVE = YES;
				CLANG_WARN_UNGUARDED_AVAILABILITY = YES_AGGRESSIVE;
				CLANG_WARN_UNREACHABLE_CODE = YES;
				CLANG_WARN__DUPLICATE_METHOD_MATCH = YES;
				CODE_SIGN_IDENTITY = "iPhone Developer";
				COPY_PHASE_STRIP = NO;
				DEBUG_INFORMATION_FORMAT = "dwarf-with-dsym";
				ENABLE_NS_ASSERTIONS = NO;
				ENABLE_STRICT_OBJC_MSGSEND = YES;
				GCC_C_LANGUAGE_STANDARD = gnu11;
				GCC_NO_COMMON_BLOCKS = YES;
				GCC_WARN_64_TO_32_BIT_CONVERSION = YES;
				GCC_WARN_ABOUT_RETURN_TYPE = YES_ERROR;
				GCC_WARN_UNDECLARED_SELECTOR = YES;
				GCC_WARN_UNINITIALIZED_AUTOS = YES_AGGRESSIVE;
				GCC_WARN_UNUSED_FUNCTION = YES;
				GCC_WARN_UNUSED_VARIABLE = YES;
				IPHONEOS_DEPLOYMENT_TARGET = 11.1;
				MTL_ENABLE_DEBUG_INFO = NO;
				SDKROOT = iphoneos;
				SWIFT_OPTIMIZATION_LEVEL = "-Owholemodule";
				VALIDATE_PRODUCT = YES;
			};
			name = Release;
		};
		41D7AA6F1FB90DA6006A7246 /* Debug */ = {
			isa = XCBuildConfiguration;
			buildSettings = {
				ASSETCATALOG_COMPILER_APPICON_NAME = AppIcon;
				CODE_SIGN_STYLE = Automatic;
				DEVELOPMENT_TEAM = SSQHMCBKSU;
				INFOPLIST_FILE = voiceRecognition/Info.plist;
				LD_RUNPATH_SEARCH_PATHS = "$(inherited) @executable_path/Frameworks";
				PRODUCT_BUNDLE_IDENTIFIER = com.vlasquez.voiceRecognition;
				PRODUCT_NAME = "$(TARGET_NAME)";
				SWIFT_VERSION = 4.0;
				TARGETED_DEVICE_FAMILY = "1,2";
			};
			name = Debug;
		};
		41D7AA701FB90DA6006A7246 /* Release */ = {
			isa = XCBuildConfiguration;
			buildSettings = {
				ASSETCATALOG_COMPILER_APPICON_NAME = AppIcon;
				CODE_SIGN_STYLE = Automatic;
				DEVELOPMENT_TEAM = SSQHMCBKSU;
				INFOPLIST_FILE = voiceRecognition/Info.plist;
				LD_RUNPATH_SEARCH_PATHS = "$(inherited) @executable_path/Frameworks";
				PRODUCT_BUNDLE_IDENTIFIER = com.vlasquez.voiceRecognition;
				PRODUCT_NAME = "$(TARGET_NAME)";
				SWIFT_VERSION = 4.0;
				TARGETED_DEVICE_FAMILY = "1,2";
			};
			name = Release;
		};
/* End XCBuildConfiguration section */

/* Begin XCConfigurationList section */
		41D7AA571FB90DA6006A7246 /* Build configuration list for PBXProject "voiceRecognition" */ = {
			isa = XCConfigurationList;
			buildConfigurations = (
				41D7AA6C1FB90DA6006A7246 /* Debug */,
				41D7AA6D1FB90DA6006A7246 /* Release */,
			);
			defaultConfigurationIsVisible = 0;
			defaultConfigurationName = Release;
		};
		41D7AA6E1FB90DA6006A7246 /* Build configuration list for PBXNativeTarget "voiceRecognition" */ = {
			isa = XCConfigurationList;
			buildConfigurations = (
				41D7AA6F1FB90DA6006A7246 /* Debug */,
				41D7AA701FB90DA6006A7246 /* Release */,
			);
			defaultConfigurationIsVisible = 0;
			defaultConfigurationName = Release;
		};
/* End XCConfigurationList section */
	};
	rootObject = 41D7AA541FB90DA6006A7246 /* Project object */;
}
